
Microsoft Visual Studio Solution File, Format Version 12.00
# Visual Studio Version 17
VisualStudioVersion = 17.3.32929.385
MinimumVisualStudioVersion = 10.0.40219.1
Project("{54A90642-561A-4BB1-A94E-469ADEE60C69}") = "H4LoginAngular", "H4LoginAngular\H4LoginAngular.esproj", "{D84FAF5A-C894-41BA-A6B2-B5928BD90477}"
EndProject
Project("{FAE04EC0-301F-11D3-BF4B-00C04F79EFBC}") = "H4LoginAPI", "H4LoginAPI\H4LoginAPI.csproj", "{F6BC1238-3C74-45BE-9700-69611CBE3C13}"
EndProject
Global
	GlobalSection(SolutionConfigurationPlatforms) = preSolution
		Debug|Any CPU = Debug|Any CPU
		Release|Any CPU = Release|Any CPU
	EndGlobalSection
	GlobalSection(ProjectConfigurationPlatforms) = postSolution
		{D84FAF5A-C894-41BA-A6B2-B5928BD90477}.Debug|Any CPU.ActiveCfg = Debug|Any CPU
		{D84FAF5A-C894-41BA-A6B2-B5928BD90477}.Debug|Any CPU.Build.0 = Debug|Any CPU
		{D84FAF5A-C894-41BA-A6B2-B5928BD90477}.Debug|Any CPU.Deploy.0 = Debug|Any CPU
		{D84FAF5A-C894-41BA-A6B2-B5928BD90477}.Release|Any CPU.ActiveCfg = Release|Any CPU
		{D84FAF5A-C894-41BA-A6B2-B5928BD90477}.Release|Any CPU.Build.0 = Release|Any CPU
		{D84FAF5A-C894-41BA-A6B2-B5928BD90477}.Release|Any CPU.Deploy.0 = Release|Any CPU
		{F6BC1238-3C74-45BE-9700-69611CBE3C13}.Debug|Any CPU.ActiveCfg = Debug|Any CPU
		{F6BC1238-3C74-45BE-9700-69611CBE3C13}.Debug|Any CPU.Build.0 = Debug|Any CPU
		{F6BC1238-3C74-45BE-9700-69611CBE3C13}.Release|Any CPU.ActiveCfg = Release|Any CPU
		{F6BC1238-3C74-45BE-9700-69611CBE3C13}.Release|Any CPU.Build.0 = Release|Any CPU
	EndGlobalSection
	GlobalSection(SolutionProperties) = preSolution
		HideSolutionNode = FALSE
	EndGlobalSection
	GlobalSection(ExtensibilityGlobals) = postSolution
		SolutionGuid = {446DDD46-B422-40BF-9133-769722877D95}
	EndGlobalSection
EndGlobal
